Microsoft Visual Studio Solution File, Format Version 12.00
# Visual Studio Version 17
VisualStudioVersion = 17.5.2.0
MinimumVisualStudioVersion = 10.0.40219.1
Project("{FAE04EC0-301F-11D3-BF4B-00C04F79EFBC}") = "PasteEater", "PasteEater.csproj", "{DA71CCB7-3CA1-C2E5-2890-694700E86AAA}"
EndProject
Global
	GlobalSection(SolutionConfigurationPlatforms) = preSolution
		Debug|Any CPU = Debug|Any CPU
		Release|Any CPU = Release|Any CPU
	EndGlobalSection
	GlobalSection(ProjectConfigurationPlatforms) = postSolution
		{DA71CCB7-3CA1-C2E5-2890-694700E86AAA}.Debug|Any CPU.ActiveCfg = Debug|Any CPU
		{DA71CCB7-3CA1-C2E5-2890-694700E86AAA}.Debug|Any CPU.Build.0 = Debug|Any CPU
		{DA71CCB7-3CA1-C2E5-2890-694700E86AAA}.Release|Any CPU.ActiveCfg = Release|Any CPU
		{DA71CCB7-3CA1-C2E5-2890-694700E86AAA}.Release|Any CPU.Build.0 = Release|Any CPU
	EndGlobalSection
	GlobalSection(SolutionProperties) = preSolution
		HideSolutionNode = FALSE
	EndGlobalSection
	GlobalSection(ExtensibilityGlobals) = postSolution
		SolutionGuid = {5403A3E3-B51C-4CBF-B606-7FA359B75389}
	EndGlobalSection
EndGlobal
